
Microsoft Visual Studio Solution File, Format Version 12.00
# Visual Studio 2012
Project("{8BC9CEB8-8B4A-11D0-8D11-00A0C91BC942}") = "C++ Threads test", "CppOrC_MultithreadingStart\CppOrC_MultithreadingStart.vcxproj", "{008AF82E-F7F0-472A-814E-7898EEEB149D}"
EndProject
Project("{FAE04EC0-301F-11D3-BF4B-00C04F79EFBC}") = "Task1 - time of destroying and creating a thread", "Task1 - time of destroying and creating a thread\Task1 - time of destroying and creating a thread.csproj", "{D2A4B6F4-7BAA-416F-960C-48722C1CD003}"
EndProject
Project("{FAE04EC0-301F-11D3-BF4B-00C04F79EFBC}") = "Task2 - maximum number of threads", "Task2 - maximum number of threads\Task2 - maximum number of threads.csproj", "{DECEB493-9D7F-4390-8C55-4F9691C06DC6}"
EndProject
Project("{FAE04EC0-301F-11D3-BF4B-00C04F79EFBC}") = "Task3 - counting edges in graph (sequence v concurrent)", "Task3 - counting edges in graph (sequence v concurrent)\Task3 - counting edges in graph (sequence v concurrent).csproj", "{B24C9A9E-4130-4F31-ABB2-3114202DCD4A}"
EndProject
Project("{FAE04EC0-301F-11D3-BF4B-00C04F79EFBC}") = "Task4 - concurrent method of GNP graph generation", "Task4 - concurrent method of GNP graph generation\Task4 - concurrent method of GNP graph generation.csproj", "{5EB30F7E-BC7A-463D-9FD9-C420A587A437}"
EndProject
Global
	GlobalSection(SolutionConfigurationPlatforms) = preSolution
		Debug|Any CPU = Debug|Any CPU
		Debug|Mixed Platforms = Debug|Mixed Platforms
		Debug|Win32 = Debug|Win32
		Debug|x64 = Debug|x64
		Release|Any CPU = Release|Any CPU
		Release|Mixed Platforms = Release|Mixed Platforms
		Release|Win32 = Release|Win32
		Release|x64 = Release|x64
	EndGlobalSection
	GlobalSection(ProjectConfigurationPlatforms) = postSolution
		{008AF82E-F7F0-472A-814E-7898EEEB149D}.Debug|Any CPU.ActiveCfg = Debug|Win32
		{008AF82E-F7F0-472A-814E-7898EEEB149D}.Debug|Mixed Platforms.ActiveCfg = Debug|Win32
		{008AF82E-F7F0-472A-814E-7898EEEB149D}.Debug|Mixed Platforms.Build.0 = Debug|Win32
		{008AF82E-F7F0-472A-814E-7898EEEB149D}.Debug|Win32.ActiveCfg = Debug|Win32
		{008AF82E-F7F0-472A-814E-7898EEEB149D}.Debug|Win32.Build.0 = Debug|Win32
		{008AF82E-F7F0-472A-814E-7898EEEB149D}.Debug|x64.ActiveCfg = Debug|Win32
		{008AF82E-F7F0-472A-814E-7898EEEB149D}.Debug|x64.Build.0 = Debug|Win32
		{008AF82E-F7F0-472A-814E-7898EEEB149D}.Release|Any CPU.ActiveCfg = Release|Win32
		{008AF82E-F7F0-472A-814E-7898EEEB149D}.Release|Mixed Platforms.ActiveCfg = Release|Win32
		{008AF82E-F7F0-472A-814E-7898EEEB149D}.Release|Mixed Platforms.Build.0 = Release|Win32
		{008AF82E-F7F0-472A-814E-7898EEEB149D}.Release|Win32.ActiveCfg = Release|Win32
		{008AF82E-F7F0-472A-814E-7898EEEB149D}.Release|Win32.Build.0 = Release|Win32
		{008AF82E-F7F0-472A-814E-7898EEEB149D}.Release|x64.ActiveCfg = Release|Win32
		{D2A4B6F4-7BAA-416F-960C-48722C1CD003}.Debug|Any CPU.ActiveCfg = Debug|Any CPU
		{D2A4B6F4-7BAA-416F-960C-48722C1CD003}.Debug|Any CPU.Build.0 = Debug|Any CPU
		{D2A4B6F4-7BAA-416F-960C-48722C1CD003}.Debug|Mixed Platforms.ActiveCfg = Debug|Any CPU
		{D2A4B6F4-7BAA-416F-960C-48722C1CD003}.Debug|Mixed Platforms.Build.0 = Debug|Any CPU
		{D2A4B6F4-7BAA-416F-960C-48722C1CD003}.Debug|Win32.ActiveCfg = Debug|Any CPU
		{D2A4B6F4-7BAA-416F-960C-48722C1CD003}.Debug|x64.ActiveCfg = Debug|Any CPU
		{D2A4B6F4-7BAA-416F-960C-48722C1CD003}.Debug|x64.Build.0 = Debug|Any CPU
		{D2A4B6F4-7BAA-416F-960C-48722C1CD003}.Release|Any CPU.ActiveCfg = Release|Any CPU
		{D2A4B6F4-7BAA-416F-960C-48722C1CD003}.Release|Any CPU.Build.0 = Release|Any CPU
		{D2A4B6F4-7BAA-416F-960C-48722C1CD003}.Release|Mixed Platforms.ActiveCfg = Release|Any CPU
		{D2A4B6F4-7BAA-416F-960C-48722C1CD003}.Release|Mixed Platforms.Build.0 = Release|Any CPU
		{D2A4B6F4-7BAA-416F-960C-48722C1CD003}.Release|Win32.ActiveCfg = Release|Any CPU
		{D2A4B6F4-7BAA-416F-960C-48722C1CD003}.Release|x64.ActiveCfg = Release|Any CPU
		{DECEB493-9D7F-4390-8C55-4F9691C06DC6}.Debug|Any CPU.ActiveCfg = Debug|Any CPU
		{DECEB493-9D7F-4390-8C55-4F9691C06DC6}.Debug|Any CPU.Build.0 = Debug|Any CPU
		{DECEB493-9D7F-4390-8C55-4F9691C06DC6}.Debug|Mixed Platforms.ActiveCfg = Debug|Any CPU
		{DECEB493-9D7F-4390-8C55-4F9691C06DC6}.Debug|Win32.ActiveCfg = Debug|Any CPU
		{DECEB493-9D7F-4390-8C55-4F9691C06DC6}.Debug|x64.ActiveCfg = Debug|Any CPU
		{DECEB493-9D7F-4390-8C55-4F9691C06DC6}.Debug|x64.Build.0 = Debug|Any CPU
		{DECEB493-9D7F-4390-8C55-4F9691C06DC6}.Release|Any CPU.ActiveCfg = Release|Any CPU
		{DECEB493-9D7F-4390-8C55-4F9691C06DC6}.Release|Any CPU.Build.0 = Release|Any CPU
		{DECEB493-9D7F-4390-8C55-4F9691C06DC6}.Release|Mixed Platforms.ActiveCfg = Release|Any CPU
		{DECEB493-9D7F-4390-8C55-4F9691C06DC6}.Release|Mixed Platforms.Build.0 = Release|Any CPU
		{DECEB493-9D7F-4390-8C55-4F9691C06DC6}.Release|Win32.ActiveCfg = Release|Any CPU
		{DECEB493-9D7F-4390-8C55-4F9691C06DC6}.Release|x64.ActiveCfg = Release|Any CPU
		{DECEB493-9D7F-4390-8C55-4F9691C06DC6}.Release|x64.Build.0 = Release|Any CPU
		{B24C9A9E-4130-4F31-ABB2-3114202DCD4A}.Debug|Any CPU.ActiveCfg = Debug|Any CPU
		{B24C9A9E-4130-4F31-ABB2-3114202DCD4A}.Debug|Any CPU.Build.0 = Debug|Any CPU
		{B24C9A9E-4130-4F31-ABB2-3114202DCD4A}.Debug|Mixed Platforms.ActiveCfg = Debug|Any CPU
		{B24C9A9E-4130-4F31-ABB2-3114202DCD4A}.Debug|Mixed Platforms.Build.0 = Debug|Any CPU
		{B24C9A9E-4130-4F31-ABB2-3114202DCD4A}.Debug|Win32.ActiveCfg = Debug|Any CPU
		{B24C9A9E-4130-4F31-ABB2-3114202DCD4A}.Debug|x64.ActiveCfg = Debug|Any CPU
		{B24C9A9E-4130-4F31-ABB2-3114202DCD4A}.Debug|x64.Build.0 = Debug|Any CPU
		{B24C9A9E-4130-4F31-ABB2-3114202DCD4A}.Release|Any CPU.ActiveCfg = Release|Any CPU
		{B24C9A9E-4130-4F31-ABB2-3114202DCD4A}.Release|Any CPU.Build.0 = Release|Any CPU
		{B24C9A9E-4130-4F31-ABB2-3114202DCD4A}.Release|Mixed Platforms.ActiveCfg = Release|Any CPU
		{B24C9A9E-4130-4F31-ABB2-3114202DCD4A}.Release|Mixed Platforms.Build.0 = Release|Any CPU
		{B24C9A9E-4130-4F31-ABB2-3114202DCD4A}.Release|Win32.ActiveCfg = Release|Any CPU
		{B24C9A9E-4130-4F31-ABB2-3114202DCD4A}.Release|x64.ActiveCfg = Release|Any CPU
		{5EB30F7E-BC7A-463D-9FD9-C420A587A437}.Debug|Any CPU.ActiveCfg = Debug|Any CPU
		{5EB30F7E-BC7A-463D-9FD9-C420A587A437}.Debug|Any CPU.Build.0 = Debug|Any CPU
		{5EB30F7E-BC7A-463D-9FD9-C420A587A437}.Debug|Mixed Platforms.ActiveCfg = Debug|Any CPU
		{5EB30F7E-BC7A-463D-9FD9-C420A587A437}.Debug|Mixed Platforms.Build.0 = Debug|Any CPU
		{5EB30F7E-BC7A-463D-9FD9-C420A587A437}.Debug|Win32.ActiveCfg = Debug|Any CPU
		{5EB30F7E-BC7A-463D-9FD9-C420A587A437}.Debug|x64.ActiveCfg = Debug|Any CPU
		{5EB30F7E-BC7A-463D-9FD9-C420A587A437}.Debug|x64.Build.0 = Debug|Any CPU
		{5EB30F7E-BC7A-463D-9FD9-C420A587A437}.Release|Any CPU.ActiveCfg = Release|Any CPU
		{5EB30F7E-BC7A-463D-9FD9-C420A587A437}.Release|Any CPU.Build.0 = Release|Any CPU
		{5EB30F7E-BC7A-463D-9FD9-C420A587A437}.Release|Mixed Platforms.ActiveCfg = Release|Any CPU
		{5EB30F7E-BC7A-463D-9FD9-C420A587A437}.Release|Mixed Platforms.Build.0 = Release|Any CPU
		{5EB30F7E-BC7A-463D-9FD9-C420A587A437}.Release|Win32.ActiveCfg = Release|Any CPU
		{5EB30F7E-BC7A-463D-9FD9-C420A587A437}.Release|x64.ActiveCfg = Release|Any CPU
	EndGlobalSection
	GlobalSection(SolutionProperties) = preSolution
		HideSolutionNode = FALSE
	EndGlobalSection
EndGlobal
